
Microsoft Visual Studio Solution File, Format Version 12.00
# Visual Studio 14
VisualStudioVersion = 14.0.25420.1
MinimumVisualStudioVersion = 10.0.40219.1
Project("{FAE04EC0-301F-11D3-BF4B-00C04F79EFBC}") = "First_recordeing", "Fisrdt_recordeing\First_recordeing.csproj", "{6EB3F598-A918-404E-AF40-E95AF88005A0}"
EndProject
Project("{FAE04EC0-301F-11D3-BF4B-00C04F79EFBC}") = "AddAssertions", "AddAssertions\AddAssertions.csproj", "{EA0AB73F-0156-4B62-89B8-435FECE14DD4}"
EndProject
Project("{FAE04EC0-301F-11D3-BF4B-00C04F79EFBC}") = "AddSyncronization", "AddSyncronization\AddSyncronization.csproj", "{59FE7FCC-29A9-4D0D-A73C-6B1286042A04}"
EndProject
Project("{FAE04EC0-301F-11D3-BF4B-00C04F79EFBC}") = "DataDrivenFramework", "DataDrivenFramework\DataDrivenFramework.csproj", "{85CAD1F4-D07D-4BAD-9221-21D1502128FB}"
EndProject
Global
	GlobalSection(SolutionConfigurationPlatforms) = preSolution
		Debug|Any CPU = Debug|Any CPU
		Release|Any CPU = Release|Any CPU
	EndGlobalSection
	GlobalSection(ProjectConfigurationPlatforms) = postSolution
		{6EB3F598-A918-404E-AF40-E95AF88005A0}.Debug|Any CPU.ActiveCfg = Debug|Any CPU
		{6EB3F598-A918-404E-AF40-E95AF88005A0}.Debug|Any CPU.Build.0 = Debug|Any CPU
		{6EB3F598-A918-404E-AF40-E95AF88005A0}.Release|Any CPU.ActiveCfg = Release|Any CPU
		{6EB3F598-A918-404E-AF40-E95AF88005A0}.Release|Any CPU.Build.0 = Release|Any CPU
		{EA0AB73F-0156-4B62-89B8-435FECE14DD4}.Debug|Any CPU.ActiveCfg = Debug|Any CPU
		{EA0AB73F-0156-4B62-89B8-435FECE14DD4}.Debug|Any CPU.Build.0 = Debug|Any CPU
		{EA0AB73F-0156-4B62-89B8-435FECE14DD4}.Release|Any CPU.ActiveCfg = Release|Any CPU
		{EA0AB73F-0156-4B62-89B8-435FECE14DD4}.Release|Any CPU.Build.0 = Release|Any CPU
		{59FE7FCC-29A9-4D0D-A73C-6B1286042A04}.Debug|Any CPU.ActiveCfg = Debug|Any CPU
		{59FE7FCC-29A9-4D0D-A73C-6B1286042A04}.Debug|Any CPU.Build.0 = Debug|Any CPU
		{59FE7FCC-29A9-4D0D-A73C-6B1286042A04}.Release|Any CPU.ActiveCfg = Release|Any CPU
		{59FE7FCC-29A9-4D0D-A73C-6B1286042A04}.Release|Any CPU.Build.0 = Release|Any CPU
		{85CAD1F4-D07D-4BAD-9221-21D1502128FB}.Debug|Any CPU.ActiveCfg = Debug|Any CPU
		{85CAD1F4-D07D-4BAD-9221-21D1502128FB}.Debug|Any CPU.Build.0 = Debug|Any CPU
		{85CAD1F4-D07D-4BAD-9221-21D1502128FB}.Release|Any CPU.ActiveCfg = Release|Any CPU
		{85CAD1F4-D07D-4BAD-9221-21D1502128FB}.Release|Any CPU.Build.0 = Release|Any CPU
	EndGlobalSection
	GlobalSection(SolutionProperties) = preSolution
		HideSolutionNode = FALSE
	EndGlobalSection
EndGlobal
